
Microsoft Visual Studio Solution File, Format Version 12.00
# Visual Studio Version 17
VisualStudioVersion = 17.2.32519.379
MinimumVisualStudioVersion = 10.0.40219.1
Project("{9A19103F-16F7-4668-BE54-9A1E7A4F7556}") = "kursovaya", "kursovaya\kursovaya.csproj", "{DDF65D36-AFE6-4B2D-8574-A414FE499E0B}"
EndProject
Global
	GlobalSection(SolutionConfigurationPlatforms) = preSolution
		Debug|Any CPU = Debug|Any CPU
		Release|Any CPU = Release|Any CPU
	EndGlobalSection
	GlobalSection(ProjectConfigurationPlatforms) = postSolution
		{DDF65D36-AFE6-4B2D-8574-A414FE499E0B}.Debug|Any CPU.ActiveCfg = Debug|Any CPU
		{DDF65D36-AFE6-4B2D-8574-A414FE499E0B}.Debug|Any CPU.Build.0 = Debug|Any CPU
		{DDF65D36-AFE6-4B2D-8574-A414FE499E0B}.Release|Any CPU.ActiveCfg = Release|Any CPU
		{DDF65D36-AFE6-4B2D-8574-A414FE499E0B}.Release|Any CPU.Build.0 = Release|Any CPU
	EndGlobalSection
	GlobalSection(SolutionProperties) = preSolution
		HideSolutionNode = FALSE
	EndGlobalSection
	GlobalSection(ExtensibilityGlobals) = postSolution
		SolutionGuid = {E3E281A3-4473-4A37-856B-9BA96878769B}
	EndGlobalSection
EndGlobal
